
Microsoft Visual Studio Solution File, Format Version 12.00
# Visual Studio 15
VisualStudioVersion = 15.0.27004.2008
MinimumVisualStudioVersion = 10.0.40219.1
Project("{9A19103F-16F7-4668-BE54-9A1E7A4F7556}") = "QueueLookpConsole", "QueueLookpConsole\QueueLookpConsole.csproj", "{92280498-8452-4687-BEC7-D0134D72B3DF}"
EndProject
Project("{9A19103F-16F7-4668-BE54-9A1E7A4F7556}") = "CustomerUpdates", "CustomerUpdates\CustomerUpdates.csproj", "{A8872242-9C47-4139-827A-6394B32B9A20}"
EndProject
Global
	GlobalSection(SolutionConfigurationPlatforms) = preSolution
		Debug|Any CPU = Debug|Any CPU
		Release|Any CPU = Release|Any CPU
	EndGlobalSection
	GlobalSection(ProjectConfigurationPlatforms) = postSolution
		{92280498-8452-4687-BEC7-D0134D72B3DF}.Debug|Any CPU.ActiveCfg = Debug|Any CPU
		{92280498-8452-4687-BEC7-D0134D72B3DF}.Debug|Any CPU.Build.0 = Debug|Any CPU
		{92280498-8452-4687-BEC7-D0134D72B3DF}.Release|Any CPU.ActiveCfg = Release|Any CPU
		{92280498-8452-4687-BEC7-D0134D72B3DF}.Release|Any CPU.Build.0 = Release|Any CPU
		{A8872242-9C47-4139-827A-6394B32B9A20}.Debug|Any CPU.ActiveCfg = Debug|Any CPU
		{A8872242-9C47-4139-827A-6394B32B9A20}.Debug|Any CPU.Build.0 = Debug|Any CPU
		{A8872242-9C47-4139-827A-6394B32B9A20}.Release|Any CPU.ActiveCfg = Release|Any CPU
		{A8872242-9C47-4139-827A-6394B32B9A20}.Release|Any CPU.Build.0 = Release|Any CPU
	EndGlobalSection
	GlobalSection(SolutionProperties) = preSolution
		HideSolutionNode = FALSE
	EndGlobalSection
	GlobalSection(ExtensibilityGlobals) = postSolution
		SolutionGuid = {A88C090F-08C7-476C-A71E-BC3B83405B84}
	EndGlobalSection
EndGlobal
